
Microsoft Visual Studio Solution File, Format Version 12.00
# Visual Studio 15
VisualStudioVersion = 15.0.25428.1
MinimumVisualStudioVersion = 10.0.40219.1
Project("{2150E333-8FDC-42A3-9474-1A3956D46DE8}") = "Poz1.BLE.Library", "Poz1.BLE.Library", "{8ABD9D27-B7E9-4ADA-99F4-18CCA053463F}"
EndProject
Project("{2150E333-8FDC-42A3-9474-1A3956D46DE8}") = "Poz1.BLE.Sample", "Poz1.BLE.Sample", "{316E0A11-7227-4E3B-9132-11156D23EE96}"
EndProject
Project("{FAE04EC0-301F-11D3-BF4B-00C04F79EFBC}") = "Poz1.BLE.Core", "Poz1.BLE.Library\Poz1.BLE.Core\Poz1.BLE.Core.csproj", "{A6C80F08-3707-451A-B726-B624599E62DC}"
EndProject
Project("{FAE04EC0-301F-11D3-BF4B-00C04F79EFBC}") = "Poz1.BLE.Droid", "Poz1.BLE.Library\Poz1.BLE.Droid\Poz1.BLE.Droid.csproj", "{B4AE1BAC-B991-45FB-9A54-B94142D50396}"
EndProject
Project("{FAE04EC0-301F-11D3-BF4B-00C04F79EFBC}") = "Poz1.BLE.iOS", "Poz1.BLE.Library\Poz1.BLE.iOS\Poz1.BLE.iOS.csproj", "{02234765-8E4C-4A73-8769-DCC83561EAEF}"
EndProject
Project("{FAE04EC0-301F-11D3-BF4B-00C04F79EFBC}") = "Poz1.BLE.UWP", "Poz1.BLE.Library\Poz1.BLE.UWP\Poz1.BLE.UWP.csproj", "{7B9577CC-5ED7-48DC-9A15-0C81E697D6ED}"
EndProject
Project("{FAE04EC0-301F-11D3-BF4B-00C04F79EFBC}") = "Poz1.BLE.Sample", "Poz1.BLE.Sample\Poz1.BLE.Sample\Poz1.BLE.Sample.csproj", "{E9D0DF7E-61AF-4E80-B018-49ACE70F90E2}"
EndProject
Project("{FAE04EC0-301F-11D3-BF4B-00C04F79EFBC}") = "Poz1.BLE.Sample.Droid", "Poz1.BLE.Sample\Poz1.BLE.Sample.Droid\Poz1.BLE.Sample.Droid.csproj", "{F1460E3F-62FA-44C6-B603-2A1B05F12895}"
EndProject
Project("{FAE04EC0-301F-11D3-BF4B-00C04F79EFBC}") = "Poz1.BLE.Sample.iOS", "Poz1.BLE.Sample\Poz1.BLE.Sample.iOS\Poz1.BLE.Sample.iOS.csproj", "{7A966477-500A-409A-9862-D735E8A5F4E7}"
EndProject
Project("{FAE04EC0-301F-11D3-BF4B-00C04F79EFBC}") = "Poz1.BLE.Sample.UWP", "Poz1.BLE.Sample\Poz1.BLE.Sample.UWP\Poz1.BLE.Sample.UWP.csproj", "{CA2B47EE-50A3-4BFC-806E-EF483486FF32}"
EndProject
Global
	GlobalSection(SolutionConfigurationPlatforms) = preSolution
		Ad-Hoc|Any CPU = Ad-Hoc|Any CPU
		Ad-Hoc|ARM = Ad-Hoc|ARM
		Ad-Hoc|iPhone = Ad-Hoc|iPhone
		Ad-Hoc|iPhoneSimulator = Ad-Hoc|iPhoneSimulator
		Ad-Hoc|x64 = Ad-Hoc|x64
		Ad-Hoc|x86 = Ad-Hoc|x86
		AppStore|Any CPU = AppStore|Any CPU
		AppStore|ARM = AppStore|ARM
		AppStore|iPhone = AppStore|iPhone
		AppStore|iPhoneSimulator = AppStore|iPhoneSimulator
		AppStore|x64 = AppStore|x64
		AppStore|x86 = AppStore|x86
		Debug|Any CPU = Debug|Any CPU
		Debug|ARM = Debug|ARM
		Debug|iPhone = Debug|iPhone
		Debug|iPhoneSimulator = Debug|iPhoneSimulator
		Debug|x64 = Debug|x64
		Debug|x86 = Debug|x86
		Release|Any CPU = Release|Any CPU
		Release|ARM = Release|ARM
		Release|iPhone = Release|iPhone
		Release|iPhoneSimulator = Release|iPhoneSimulator
		Release|x64 = Release|x64
		Release|x86 = Release|x86
	EndGlobalSection
	GlobalSection(ProjectConfigurationPlatforms) = postSolution
		{A6C80F08-3707-451A-B726-B624599E62DC}.Ad-Hoc|Any CPU.ActiveCfg = Release|Any CPU
		{A6C80F08-3707-451A-B726-B624599E62DC}.Ad-Hoc|Any CPU.Build.0 = Release|Any CPU
		{A6C80F08-3707-451A-B726-B624599E62DC}.Ad-Hoc|ARM.ActiveCfg = Release|Any CPU
		{A6C80F08-3707-451A-B726-B624599E62DC}.Ad-Hoc|ARM.Build.0 = Release|Any CPU
		{A6C80F08-3707-451A-B726-B624599E62DC}.Ad-Hoc|iPhone.ActiveCfg = Release|Any CPU
		{A6C80F08-3707-451A-B726-B624599E62DC}.Ad-Hoc|iPhone.Build.0 = Release|Any CPU
		{A6C80F08-3707-451A-B726-B624599E62DC}.Ad-Hoc|iPhoneSimulator.ActiveCfg = Release|Any CPU
		{A6C80F08-3707-451A-B726-B624599E62DC}.Ad-Hoc|iPhoneSimulator.Build.0 = Release|Any CPU
		{A6C80F08-3707-451A-B726-B624599E62DC}.Ad-Hoc|x64.ActiveCfg = Release|Any CPU
		{A6C80F08-3707-451A-B726-B624599E62DC}.Ad-Hoc|x64.Build.0 = Release|Any CPU
		{A6C80F08-3707-451A-B726-B624599E62DC}.Ad-Hoc|x86.ActiveCfg = Release|Any CPU
		{A6C80F08-3707-451A-B726-B624599E62DC}.Ad-Hoc|x86.Build.0 = Release|Any CPU
		{A6C80F08-3707-451A-B726-B624599E62DC}.AppStore|Any CPU.ActiveCfg = Release|Any CPU
		{A6C80F08-3707-451A-B726-B624599E62DC}.AppStore|Any CPU.Build.0 = Release|Any CPU
		{A6C80F08-3707-451A-B726-B624599E62DC}.AppStore|ARM.ActiveCfg = Release|Any CPU
		{A6C80F08-3707-451A-B726-B624599E62DC}.AppStore|ARM.Build.0 = Release|Any CPU
		{A6C80F08-3707-451A-B726-B624599E62DC}.AppStore|iPhone.ActiveCfg = Release|Any CPU
		{A6C80F08-3707-451A-B726-B624599E62DC}.AppStore|iPhone.Build.0 = Release|Any CPU
		{A6C80F08-3707-451A-B726-B624599E62DC}.AppStore|iPhoneSimulator.ActiveCfg = Release|Any CPU
		{A6C80F08-3707-451A-B726-B624599E62DC}.AppStore|iPhoneSimulator.Build.0 = Release|Any CPU
		{A6C80F08-3707-451A-B726-B624599E62DC}.AppStore|x64.ActiveCfg = Release|Any CPU
		{A6C80F08-3707-451A-B726-B624599E62DC}.AppStore|x64.Build.0 = Release|Any CPU
		{A6C80F08-3707-451A-B726-B624599E62DC}.AppStore|x86.ActiveCfg = Release|Any CPU
		{A6C80F08-3707-451A-B726-B624599E62DC}.AppStore|x86.Build.0 = Release|Any CPU
		{A6C80F08-3707-451A-B726-B624599E62DC}.Debug|Any CPU.ActiveCfg = Debug|Any CPU
		{A6C80F08-3707-451A-B726-B624599E62DC}.Debug|Any CPU.Build.0 = Debug|Any CPU
		{A6C80F08-3707-451A-B726-B624599E62DC}.Debug|ARM.ActiveCfg = Debug|Any CPU
		{A6C80F08-3707-451A-B726-B624599E62DC}.Debug|ARM.Build.0 = Debug|Any CPU
		{A6C80F08-3707-451A-B726-B624599E62DC}.Debug|iPhone.ActiveCfg = Debug|Any CPU
		{A6C80F08-3707-451A-B726-B624599E62DC}.Debug|iPhone.Build.0 = Debug|Any CPU
		{A6C80F08-3707-451A-B726-B624599E62DC}.Debug|iPhoneSimulator.ActiveCfg = Debug|Any CPU
		{A6C80F08-3707-451A-B726-B624599E62DC}.Debug|iPhoneSimulator.Build.0 = Debug|Any CPU
		{A6C80F08-3707-451A-B726-B624599E62DC}.Debug|x64.ActiveCfg = Debug|Any CPU
		{A6C80F08-3707-451A-B726-B624599E62DC}.Debug|x64.Build.0 = Debug|Any CPU
		{A6C80F08-3707-451A-B726-B624599E62DC}.Debug|x86.ActiveCfg = Debug|Any CPU
		{A6C80F08-3707-451A-B726-B624599E62DC}.Debug|x86.Build.0 = Debug|Any CPU
		{A6C80F08-3707-451A-B726-B624599E62DC}.Release|Any CPU.ActiveCfg = Release|Any CPU
		{A6C80F08-3707-451A-B726-B624599E62DC}.Release|Any CPU.Build.0 = Release|Any CPU
		{A6C80F08-3707-451A-B726-B624599E62DC}.Release|ARM.ActiveCfg = Release|Any CPU
		{A6C80F08-3707-451A-B726-B624599E62DC}.Release|ARM.Build.0 = Release|Any CPU
		{A6C80F08-3707-451A-B726-B624599E62DC}.Release|iPhone.ActiveCfg = Release|Any CPU
		{A6C80F08-3707-451A-B726-B624599E62DC}.Release|iPhone.Build.0 = Release|Any CPU
		{A6C80F08-3707-451A-B726-B624599E62DC}.Release|iPhoneSimulator.ActiveCfg = Release|Any CPU
		{A6C80F08-3707-451A-B726-B624599E62DC}.Release|iPhoneSimulator.Build.0 = Release|Any CPU
		{A6C80F08-3707-451A-B726-B624599E62DC}.Release|x64.ActiveCfg = Release|Any CPU
		{A6C80F08-3707-451A-B726-B624599E62DC}.Release|x64.Build.0 = Release|Any CPU
		{A6C80F08-3707-451A-B726-B624599E62DC}.Release|x86.ActiveCfg = Release|Any CPU
		{A6C80F08-3707-451A-B726-B624599E62DC}.Release|x86.Build.0 = Release|Any CPU
		{B4AE1BAC-B991-45FB-9A54-B94142D50396}.Ad-Hoc|Any CPU.ActiveCfg = Release|Any CPU
		{B4AE1BAC-B991-45FB-9A54-B94142D50396}.Ad-Hoc|Any CPU.Build.0 = Release|Any CPU
		{B4AE1BAC-B991-45FB-9A54-B94142D50396}.Ad-Hoc|ARM.ActiveCfg = Release|Any CPU
		{B4AE1BAC-B991-45FB-9A54-B94142D50396}.Ad-Hoc|ARM.Build.0 = Release|Any CPU
		{B4AE1BAC-B991-45FB-9A54-B94142D50396}.Ad-Hoc|iPhone.ActiveCfg = Release|Any CPU
		{B4AE1BAC-B991-45FB-9A54-B94142D50396}.Ad-Hoc|iPhone.Build.0 = Release|Any CPU
		{B4AE1BAC-B991-45FB-9A54-B94142D50396}.Ad-Hoc|iPhoneSimulator.ActiveCfg = Release|Any CPU
		{B4AE1BAC-B991-45FB-9A54-B94142D50396}.Ad-Hoc|iPhoneSimulator.Build.0 = Release|Any CPU
		{B4AE1BAC-B991-45FB-9A54-B94142D50396}.Ad-Hoc|x64.ActiveCfg = Release|Any CPU
		{B4AE1BAC-B991-45FB-9A54-B94142D50396}.Ad-Hoc|x64.Build.0 = Release|Any CPU
		{B4AE1BAC-B991-45FB-9A54-B94142D50396}.Ad-Hoc|x86.ActiveCfg = Release|Any CPU
		{B4AE1BAC-B991-45FB-9A54-B94142D50396}.Ad-Hoc|x86.Build.0 = Release|Any CPU
		{B4AE1BAC-B991-45FB-9A54-B94142D50396}.AppStore|Any CPU.ActiveCfg = Release|Any CPU
		{B4AE1BAC-B991-45FB-9A54-B94142D50396}.AppStore|Any CPU.Build.0 = Release|Any CPU
		{B4AE1BAC-B991-45FB-9A54-B94142D50396}.AppStore|ARM.ActiveCfg = Release|Any CPU
		{B4AE1BAC-B991-45FB-9A54-B94142D50396}.AppStore|ARM.Build.0 = Release|Any CPU
		{B4AE1BAC-B991-45FB-9A54-B94142D50396}.AppStore|iPhone.ActiveCfg = Release|Any CPU
		{B4AE1BAC-B991-45FB-9A54-B94142D50396}.AppStore|iPhone.Build.0 = Release|Any CPU
		{B4AE1BAC-B991-45FB-9A54-B94142D50396}.AppStore|iPhoneSimulator.ActiveCfg = Release|Any CPU
		{B4AE1BAC-B991-45FB-9A54-B94142D50396}.AppStore|iPhoneSimulator.Build.0 = Release|Any CPU
		{B4AE1BAC-B991-45FB-9A54-B94142D50396}.AppStore|x64.ActiveCfg = Release|Any CPU
		{B4AE1BAC-B991-45FB-9A54-B94142D50396}.AppStore|x64.Build.0 = Release|Any CPU
		{B4AE1BAC-B991-45FB-9A54-B94142D50396}.AppStore|x86.ActiveCfg = Release|Any CPU
		{B4AE1BAC-B991-45FB-9A54-B94142D50396}.AppStore|x86.Build.0 = Release|Any CPU
		{B4AE1BAC-B991-45FB-9A54-B94142D50396}.Debug|Any CPU.ActiveCfg = Debug|Any CPU
		{B4AE1BAC-B991-45FB-9A54-B94142D50396}.Debug|Any CPU.Build.0 = Debug|Any CPU
		{B4AE1BAC-B991-45FB-9A54-B94142D50396}.Debug|ARM.ActiveCfg = Debug|Any CPU
		{B4AE1BAC-B991-45FB-9A54-B94142D50396}.Debug|ARM.Build.0 = Debug|Any CPU
		{B4AE1BAC-B991-45FB-9A54-B94142D50396}.Debug|iPhone.ActiveCfg = Debug|Any CPU
		{B4AE1BAC-B991-45FB-9A54-B94142D50396}.Debug|iPhone.Build.0 = Debug|Any CPU
		{B4AE1BAC-B991-45FB-9A54-B94142D50396}.Debug|iPhoneSimulator.ActiveCfg = Debug|Any CPU
		{B4AE1BAC-B991-45FB-9A54-B94142D50396}.Debug|iPhoneSimulator.Build.0 = Debug|Any CPU
		{B4AE1BAC-B991-45FB-9A54-B94142D50396}.Debug|x64.ActiveCfg = Debug|Any CPU
		{B4AE1BAC-B991-45FB-9A54-B94142D50396}.Debug|x64.Build.0 = Debug|Any CPU
		{B4AE1BAC-B991-45FB-9A54-B94142D50396}.Debug|x86.ActiveCfg = Debug|Any CPU
		{B4AE1BAC-B991-45FB-9A54-B94142D50396}.Debug|x86.Build.0 = Debug|Any CPU
		{B4AE1BAC-B991-45FB-9A54-B94142D50396}.Release|Any CPU.ActiveCfg = Release|Any CPU
		{B4AE1BAC-B991-45FB-9A54-B94142D50396}.Release|Any CPU.Build.0 = Release|Any CPU
		{B4AE1BAC-B991-45FB-9A54-B94142D50396}.Release|ARM.ActiveCfg = Release|Any CPU
		{B4AE1BAC-B991-45FB-9A54-B94142D50396}.Release|ARM.Build.0 = Release|Any CPU
		{B4AE1BAC-B991-45FB-9A54-B94142D50396}.Release|iPhone.ActiveCfg = Release|Any CPU
		{B4AE1BAC-B991-45FB-9A54-B94142D50396}.Release|iPhone.Build.0 = Release|Any CPU
		{B4AE1BAC-B991-45FB-9A54-B94142D50396}.Release|iPhoneSimulator.ActiveCfg = Release|Any CPU
		{B4AE1BAC-B991-45FB-9A54-B94142D50396}.Release|iPhoneSimulator.Build.0 = Release|Any CPU
		{B4AE1BAC-B991-45FB-9A54-B94142D50396}.Release|x64.ActiveCfg = Release|Any CPU
		{B4AE1BAC-B991-45FB-9A54-B94142D50396}.Release|x64.Build.0 = Release|Any CPU
		{B4AE1BAC-B991-45FB-9A54-B94142D50396}.Release|x86.ActiveCfg = Release|Any CPU
		{B4AE1BAC-B991-45FB-9A54-B94142D50396}.Release|x86.Build.0 = Release|Any CPU
		{02234765-8E4C-4A73-8769-DCC83561EAEF}.Ad-Hoc|Any CPU.ActiveCfg = Release|Any CPU
		{02234765-8E4C-4A73-8769-DCC83561EAEF}.Ad-Hoc|Any CPU.Build.0 = Release|Any CPU
		{02234765-8E4C-4A73-8769-DCC83561EAEF}.Ad-Hoc|ARM.ActiveCfg = Release|Any CPU
		{02234765-8E4C-4A73-8769-DCC83561EAEF}.Ad-Hoc|ARM.Build.0 = Release|Any CPU
		{02234765-8E4C-4A73-8769-DCC83561EAEF}.Ad-Hoc|iPhone.ActiveCfg = Release|Any CPU
		{02234765-8E4C-4A73-8769-DCC83561EAEF}.Ad-Hoc|iPhone.Build.0 = Release|Any CPU
		{02234765-8E4C-4A73-8769-DCC83561EAEF}.Ad-Hoc|iPhoneSimulator.ActiveCfg = Release|Any CPU
		{02234765-8E4C-4A73-8769-DCC83561EAEF}.Ad-Hoc|iPhoneSimulator.Build.0 = Release|Any CPU
		{02234765-8E4C-4A73-8769-DCC83561EAEF}.Ad-Hoc|x64.ActiveCfg = Release|Any CPU
		{02234765-8E4C-4A73-8769-DCC83561EAEF}.Ad-Hoc|x64.Build.0 = Release|Any CPU
		{02234765-8E4C-4A73-8769-DCC83561EAEF}.Ad-Hoc|x86.ActiveCfg = Release|Any CPU
		{02234765-8E4C-4A73-8769-DCC83561EAEF}.Ad-Hoc|x86.Build.0 = Release|Any CPU
		{02234765-8E4C-4A73-8769-DCC83561EAEF}.AppStore|Any CPU.ActiveCfg = Release|Any CPU
		{02234765-8E4C-4A73-8769-DCC83561EAEF}.AppStore|Any CPU.Build.0 = Release|Any CPU
		{02234765-8E4C-4A73-8769-DCC83561EAEF}.AppStore|ARM.ActiveCfg = Release|Any CPU
		{02234765-8E4C-4A73-8769-DCC83561EAEF}.AppStore|ARM.Build.0 = Release|Any CPU
		{02234765-8E4C-4A73-8769-DCC83561EAEF}.AppStore|iPhone.ActiveCfg = Release|Any CPU
		{02234765-8E4C-4A73-8769-DCC83561EAEF}.AppStore|iPhone.Build.0 = Release|Any CPU
		{02234765-8E4C-4A73-8769-DCC83561EAEF}.AppStore|iPhoneSimulator.ActiveCfg = Release|Any CPU
		{02234765-8E4C-4A73-8769-DCC83561EAEF}.AppStore|iPhoneSimulator.Build.0 = Release|Any CPU
		{02234765-8E4C-4A73-8769-DCC83561EAEF}.AppStore|x64.ActiveCfg = Release|Any CPU
		{02234765-8E4C-4A73-8769-DCC83561EAEF}.AppStore|x64.Build.0 = Release|Any CPU
		{02234765-8E4C-4A73-8769-DCC83561EAEF}.AppStore|x86.ActiveCfg = Release|Any CPU
		{02234765-8E4C-4A73-8769-DCC83561EAEF}.AppStore|x86.Build.0 = Release|Any CPU
		{02234765-8E4C-4A73-8769-DCC83561EAEF}.Debug|Any CPU.ActiveCfg = Debug|Any CPU
		{02234765-8E4C-4A73-8769-DCC83561EAEF}.Debug|Any CPU.Build.0 = Debug|Any CPU
		{02234765-8E4C-4A73-8769-DCC83561EAEF}.Debug|ARM.ActiveCfg = Debug|Any CPU
		{02234765-8E4C-4A73-8769-DCC83561EAEF}.Debug|ARM.Build.0 = Debug|Any CPU
		{02234765-8E4C-4A73-8769-DCC83561EAEF}.Debug|iPhone.ActiveCfg = Debug|Any CPU
		{02234765-8E4C-4A73-8769-DCC83561EAEF}.Debug|iPhone.Build.0 = Debug|Any CPU
		{02234765-8E4C-4A73-8769-DCC83561EAEF}.Debug|iPhoneSimulator.ActiveCfg = Debug|Any CPU
		{02234765-8E4C-4A73-8769-DCC83561EAEF}.Debug|iPhoneSimulator.Build.0 = Debug|Any CPU
		{02234765-8E4C-4A73-8769-DCC83561EAEF}.Debug|x64.ActiveCfg = Debug|Any CPU
		{02234765-8E4C-4A73-8769-DCC83561EAEF}.Debug|x64.Build.0 = Debug|Any CPU
		{02234765-8E4C-4A73-8769-DCC83561EAEF}.Debug|x86.ActiveCfg = Debug|Any CPU
		{02234765-8E4C-4A73-8769-DCC83561EAEF}.Debug|x86.Build.0 = Debug|Any CPU
		{02234765-8E4C-4A73-8769-DCC83561EAEF}.Release|Any CPU.ActiveCfg = Release|Any CPU
		{02234765-8E4C-4A73-8769-DCC83561EAEF}.Release|Any CPU.Build.0 = Release|Any CPU
		{02234765-8E4C-4A73-8769-DCC83561EAEF}.Release|ARM.ActiveCfg = Release|Any CPU
		{02234765-8E4C-4A73-8769-DCC83561EAEF}.Release|ARM.Build.0 = Release|Any CPU
		{02234765-8E4C-4A73-8769-DCC83561EAEF}.Release|iPhone.ActiveCfg = Release|Any CPU
		{02234765-8E4C-4A73-8769-DCC83561EAEF}.Release|iPhone.Build.0 = Release|Any CPU
		{02234765-8E4C-4A73-8769-DCC83561EAEF}.Release|iPhoneSimulator.ActiveCfg = Release|Any CPU
		{02234765-8E4C-4A73-8769-DCC83561EAEF}.Release|iPhoneSimulator.Build.0 = Release|Any CPU
		{02234765-8E4C-4A73-8769-DCC83561EAEF}.Release|x64.ActiveCfg = Release|Any CPU
		{02234765-8E4C-4A73-8769-DCC83561EAEF}.Release|x64.Build.0 = Release|Any CPU
		{02234765-8E4C-4A73-8769-DCC83561EAEF}.Release|x86.ActiveCfg = Release|Any CPU
		{02234765-8E4C-4A73-8769-DCC83561EAEF}.Release|x86.Build.0 = Release|Any CPU
		{7B9577CC-5ED7-48DC-9A15-0C81E697D6ED}.Ad-Hoc|Any CPU.ActiveCfg = Release|Any CPU
		{7B9577CC-5ED7-48DC-9A15-0C81E697D6ED}.Ad-Hoc|Any CPU.Build.0 = Release|Any CPU
		{7B9577CC-5ED7-48DC-9A15-0C81E697D6ED}.Ad-Hoc|ARM.ActiveCfg = Release|ARM
		{7B9577CC-5ED7-48DC-9A15-0C81E697D6ED}.Ad-Hoc|ARM.Build.0 = Release|ARM
		{7B9577CC-5ED7-48DC-9A15-0C81E697D6ED}.Ad-Hoc|iPhone.ActiveCfg = Release|Any CPU
		{7B9577CC-5ED7-48DC-9A15-0C81E697D6ED}.Ad-Hoc|iPhone.Build.0 = Release|Any CPU
		{7B9577CC-5ED7-48DC-9A15-0C81E697D6ED}.Ad-Hoc|iPhoneSimulator.ActiveCfg = Release|Any CPU
		{7B9577CC-5ED7-48DC-9A15-0C81E697D6ED}.Ad-Hoc|iPhoneSimulator.Build.0 = Release|Any CPU
		{7B9577CC-5ED7-48DC-9A15-0C81E697D6ED}.Ad-Hoc|x64.ActiveCfg = Release|x64
		{7B9577CC-5ED7-48DC-9A15-0C81E697D6ED}.Ad-Hoc|x64.Build.0 = Release|x64
		{7B9577CC-5ED7-48DC-9A15-0C81E697D6ED}.Ad-Hoc|x86.ActiveCfg = Release|x86
		{7B9577CC-5ED7-48DC-9A15-0C81E697D6ED}.Ad-Hoc|x86.Build.0 = Release|x86
		{7B9577CC-5ED7-48DC-9A15-0C81E697D6ED}.AppStore|Any CPU.ActiveCfg = Release|Any CPU
		{7B9577CC-5ED7-48DC-9A15-0C81E697D6ED}.AppStore|Any CPU.Build.0 = Release|Any CPU
		{7B9577CC-5ED7-48DC-9A15-0C81E697D6ED}.AppStore|ARM.ActiveCfg = Release|ARM
		{7B9577CC-5ED7-48DC-9A15-0C81E697D6ED}.AppStore|ARM.Build.0 = Release|ARM
		{7B9577CC-5ED7-48DC-9A15-0C81E697D6ED}.AppStore|iPhone.ActiveCfg = Release|Any CPU
		{7B9577CC-5ED7-48DC-9A15-0C81E697D6ED}.AppStore|iPhone.Build.0 = Release|Any CPU
		{7B9577CC-5ED7-48DC-9A15-0C81E697D6ED}.AppStore|iPhoneSimulator.ActiveCfg = Release|Any CPU
		{7B9577CC-5ED7-48DC-9A15-0C81E697D6ED}.AppStore|iPhoneSimulator.Build.0 = Release|Any CPU
		{7B9577CC-5ED7-48DC-9A15-0C81E697D6ED}.AppStore|x64.ActiveCfg = Release|x64
		{7B9577CC-5ED7-48DC-9A15-0C81E697D6ED}.AppStore|x64.Build.0 = Release|x64
		{7B9577CC-5ED7-48DC-9A15-0C81E697D6ED}.AppStore|x86.ActiveCfg = Release|x86
		{7B9577CC-5ED7-48DC-9A15-0C81E697D6ED}.AppStore|x86.Build.0 = Release|x86
		{7B9577CC-5ED7-48DC-9A15-0C81E697D6ED}.Debug|Any CPU.ActiveCfg = Debug|Any CPU
		{7B9577CC-5ED7-48DC-9A15-0C81E697D6ED}.Debug|Any CPU.Build.0 = Debug|Any CPU
		{7B9577CC-5ED7-48DC-9A15-0C81E697D6ED}.Debug|ARM.ActiveCfg = Debug|ARM
		{7B9577CC-5ED7-48DC-9A15-0C81E697D6ED}.Debug|ARM.Build.0 = Debug|ARM
		{7B9577CC-5ED7-48DC-9A15-0C81E697D6ED}.Debug|iPhone.ActiveCfg = Debug|Any CPU
		{7B9577CC-5ED7-48DC-9A15-0C81E697D6ED}.Debug|iPhone.Build.0 = Debug|Any CPU
		{7B9577CC-5ED7-48DC-9A15-0C81E697D6ED}.Debug|iPhoneSimulator.ActiveCfg = Debug|Any CPU
		{7B9577CC-5ED7-48DC-9A15-0C81E697D6ED}.Debug|iPhoneSimulator.Build.0 = Debug|Any CPU
		{7B9577CC-5ED7-48DC-9A15-0C81E697D6ED}.Debug|x64.ActiveCfg = Debug|x64
		{7B9577CC-5ED7-48DC-9A15-0C81E697D6ED}.Debug|x64.Build.0 = Debug|x64
		{7B9577CC-5ED7-48DC-9A15-0C81E697D6ED}.Debug|x86.ActiveCfg = Debug|x86
		{7B9577CC-5ED7-48DC-9A15-0C81E697D6ED}.Debug|x86.Build.0 = Debug|x86
		{7B9577CC-5ED7-48DC-9A15-0C81E697D6ED}.Release|Any CPU.ActiveCfg = Release|Any CPU
		{7B9577CC-5ED7-48DC-9A15-0C81E697D6ED}.Release|Any CPU.Build.0 = Release|Any CPU
		{7B9577CC-5ED7-48DC-9A15-0C81E697D6ED}.Release|ARM.ActiveCfg = Release|ARM
		{7B9577CC-5ED7-48DC-9A15-0C81E697D6ED}.Release|ARM.Build.0 = Release|ARM
		{7B9577CC-5ED7-48DC-9A15-0C81E697D6ED}.Release|iPhone.ActiveCfg = Release|Any CPU
		{7B9577CC-5ED7-48DC-9A15-0C81E697D6ED}.Release|iPhone.Build.0 = Release|Any CPU
		{7B9577CC-5ED7-48DC-9A15-0C81E697D6ED}.Release|iPhoneSimulator.ActiveCfg = Release|Any CPU
		{7B9577CC-5ED7-48DC-9A15-0C81E697D6ED}.Release|iPhoneSimulator.Build.0 = Release|Any CPU
		{7B9577CC-5ED7-48DC-9A15-0C81E697D6ED}.Release|x64.ActiveCfg = Release|x64
		{7B9577CC-5ED7-48DC-9A15-0C81E697D6ED}.Release|x64.Build.0 = Release|x64
		{7B9577CC-5ED7-48DC-9A15-0C81E697D6ED}.Release|x86.ActiveCfg = Release|x86
		{7B9577CC-5ED7-48DC-9A15-0C81E697D6ED}.Release|x86.Build.0 = Release|x86
		{E9D0DF7E-61AF-4E80-B018-49ACE70F90E2}.Ad-Hoc|Any CPU.ActiveCfg = Release|Any CPU
		{E9D0DF7E-61AF-4E80-B018-49ACE70F90E2}.Ad-Hoc|Any CPU.Build.0 = Release|Any CPU
		{E9D0DF7E-61AF-4E80-B018-49ACE70F90E2}.Ad-Hoc|ARM.ActiveCfg = Release|Any CPU
		{E9D0DF7E-61AF-4E80-B018-49ACE70F90E2}.Ad-Hoc|ARM.Build.0 = Release|Any CPU
		{E9D0DF7E-61AF-4E80-B018-49ACE70F90E2}.Ad-Hoc|iPhone.ActiveCfg = Release|Any CPU
		{E9D0DF7E-61AF-4E80-B018-49ACE70F90E2}.Ad-Hoc|iPhone.Build.0 = Release|Any CPU
		{E9D0DF7E-61AF-4E80-B018-49ACE70F90E2}.Ad-Hoc|iPhoneSimulator.ActiveCfg = Release|Any CPU
		{E9D0DF7E-61AF-4E80-B018-49ACE70F90E2}.Ad-Hoc|iPhoneSimulator.Build.0 = Release|Any CPU
		{E9D0DF7E-61AF-4E80-B018-49ACE70F90E2}.Ad-Hoc|x64.ActiveCfg = Release|Any CPU
		{E9D0DF7E-61AF-4E80-B018-49ACE70F90E2}.Ad-Hoc|x64.Build.0 = Release|Any CPU
		{E9D0DF7E-61AF-4E80-B018-49ACE70F90E2}.Ad-Hoc|x86.ActiveCfg = Release|Any CPU
		{E9D0DF7E-61AF-4E80-B018-49ACE70F90E2}.Ad-Hoc|x86.Build.0 = Release|Any CPU
		{E9D0DF7E-61AF-4E80-B018-49ACE70F90E2}.AppStore|Any CPU.ActiveCfg = Release|Any CPU
		{E9D0DF7E-61AF-4E80-B018-49ACE70F90E2}.AppStore|Any CPU.Build.0 = Release|Any CPU
		{E9D0DF7E-61AF-4E80-B018-49ACE70F90E2}.AppStore|ARM.ActiveCfg = Release|Any CPU
		{E9D0DF7E-61AF-4E80-B018-49ACE70F90E2}.AppStore|ARM.Build.0 = Release|Any CPU
		{E9D0DF7E-61AF-4E80-B018-49ACE70F90E2}.AppStore|iPhone.ActiveCfg = Release|Any CPU
		{E9D0DF7E-61AF-4E80-B018-49ACE70F90E2}.AppStore|iPhone.Build.0 = Release|Any CPU
		{E9D0DF7E-61AF-4E80-B018-49ACE70F90E2}.AppStore|iPhoneSimulator.ActiveCfg = Release|Any CPU
		{E9D0DF7E-61AF-4E80-B018-49ACE70F90E2}.AppStore|iPhoneSimulator.Build.0 = Release|Any CPU
		{E9D0DF7E-61AF-4E80-B018-49ACE70F90E2}.AppStore|x64.ActiveCfg = Release|Any CPU
		{E9D0DF7E-61AF-4E80-B018-49ACE70F90E2}.AppStore|x64.Build.0 = Release|Any CPU
		{E9D0DF7E-61AF-4E80-B018-49ACE70F90E2}.AppStore|x86.ActiveCfg = Release|Any CPU
		{E9D0DF7E-61AF-4E80-B018-49ACE70F90E2}.AppStore|x86.Build.0 = Release|Any CPU
		{E9D0DF7E-61AF-4E80-B018-49ACE70F90E2}.Debug|Any CPU.ActiveCfg = Debug|Any CPU
		{E9D0DF7E-61AF-4E80-B018-49ACE70F90E2}.Debug|Any CPU.Build.0 = Debug|Any CPU
		{E9D0DF7E-61AF-4E80-B018-49ACE70F90E2}.Debug|ARM.ActiveCfg = Debug|Any CPU
		{E9D0DF7E-61AF-4E80-B018-49ACE70F90E2}.Debug|ARM.Build.0 = Debug|Any CPU
		{E9D0DF7E-61AF-4E80-B018-49ACE70F90E2}.Debug|iPhone.ActiveCfg = Debug|Any CPU
		{E9D0DF7E-61AF-4E80-B018-49ACE70F90E2}.Debug|iPhone.Build.0 = Debug|Any CPU
		{E9D0DF7E-61AF-4E80-B018-49ACE70F90E2}.Debug|iPhoneSimulator.ActiveCfg = Debug|Any CPU
		{E9D0DF7E-61AF-4E80-B018-49ACE70F90E2}.Debug|iPhoneSimulator.Build.0 = Debug|Any CPU
		{E9D0DF7E-61AF-4E80-B018-49ACE70F90E2}.Debug|x64.ActiveCfg = Debug|Any CPU
		{E9D0DF7E-61AF-4E80-B018-49ACE70F90E2}.Debug|x64.Build.0 = Debug|Any CPU
		{E9D0DF7E-61AF-4E80-B018-49ACE70F90E2}.Debug|x86.ActiveCfg = Debug|Any CPU
		{E9D0DF7E-61AF-4E80-B018-49ACE70F90E2}.Debug|x86.Build.0 = Debug|Any CPU
		{E9D0DF7E-61AF-4E80-B018-49ACE70F90E2}.Release|Any CPU.ActiveCfg = Release|Any CPU
		{E9D0DF7E-61AF-4E80-B018-49ACE70F90E2}.Release|Any CPU.Build.0 = Release|Any CPU
		{E9D0DF7E-61AF-4E80-B018-49ACE70F90E2}.Release|ARM.ActiveCfg = Release|Any CPU
		{E9D0DF7E-61AF-4E80-B018-49ACE70F90E2}.Release|ARM.Build.0 = Release|Any CPU
		{E9D0DF7E-61AF-4E80-B018-49ACE70F90E2}.Release|iPhone.ActiveCfg = Release|Any CPU
		{E9D0DF7E-61AF-4E80-B018-49ACE70F90E2}.Release|iPhone.Build.0 = Release|Any CPU
		{E9D0DF7E-61AF-4E80-B018-49ACE70F90E2}.Release|iPhoneSimulator.ActiveCfg = Release|Any CPU
		{E9D0DF7E-61AF-4E80-B018-49ACE70F90E2}.Release|iPhoneSimulator.Build.0 = Release|Any CPU
		{E9D0DF7E-61AF-4E80-B018-49ACE70F90E2}.Release|x64.ActiveCfg = Release|Any CPU
		{E9D0DF7E-61AF-4E80-B018-49ACE70F90E2}.Release|x64.Build.0 = Release|Any CPU
		{E9D0DF7E-61AF-4E80-B018-49ACE70F90E2}.Release|x86.ActiveCfg = Release|Any CPU
		{E9D0DF7E-61AF-4E80-B018-49ACE70F90E2}.Release|x86.Build.0 = Release|Any CPU
		{F1460E3F-62FA-44C6-B603-2A1B05F12895}.Ad-Hoc|Any CPU.ActiveCfg = Release|Any CPU
		{F1460E3F-62FA-44C6-B603-2A1B05F12895}.Ad-Hoc|Any CPU.Build.0 = Release|Any CPU
		{F1460E3F-62FA-44C6-B603-2A1B05F12895}.Ad-Hoc|Any CPU.Deploy.0 = Release|Any CPU
		{F1460E3F-62FA-44C6-B603-2A1B05F12895}.Ad-Hoc|ARM.ActiveCfg = Release|Any CPU
		{F1460E3F-62FA-44C6-B603-2A1B05F12895}.Ad-Hoc|ARM.Build.0 = Release|Any CPU
		{F1460E3F-62FA-44C6-B603-2A1B05F12895}.Ad-Hoc|ARM.Deploy.0 = Release|Any CPU
		{F1460E3F-62FA-44C6-B603-2A1B05F12895}.Ad-Hoc|iPhone.ActiveCfg = Release|Any CPU
		{F1460E3F-62FA-44C6-B603-2A1B05F12895}.Ad-Hoc|iPhone.Build.0 = Release|Any CPU
		{F1460E3F-62FA-44C6-B603-2A1B05F12895}.Ad-Hoc|iPhone.Deploy.0 = Release|Any CPU
		{F1460E3F-62FA-44C6-B603-2A1B05F12895}.Ad-Hoc|iPhoneSimulator.ActiveCfg = Release|Any CPU
		{F1460E3F-62FA-44C6-B603-2A1B05F12895}.Ad-Hoc|iPhoneSimulator.Build.0 = Release|Any CPU
		{F1460E3F-62FA-44C6-B603-2A1B05F12895}.Ad-Hoc|iPhoneSimulator.Deploy.0 = Release|Any CPU
		{F1460E3F-62FA-44C6-B603-2A1B05F12895}.Ad-Hoc|x64.ActiveCfg = Release|Any CPU
		{F1460E3F-62FA-44C6-B603-2A1B05F12895}.Ad-Hoc|x64.Build.0 = Release|Any CPU
		{F1460E3F-62FA-44C6-B603-2A1B05F12895}.Ad-Hoc|x64.Deploy.0 = Release|Any CPU
		{F1460E3F-62FA-44C6-B603-2A1B05F12895}.Ad-Hoc|x86.ActiveCfg = Release|Any CPU
		{F1460E3F-62FA-44C6-B603-2A1B05F12895}.Ad-Hoc|x86.Build.0 = Release|Any CPU
		{F1460E3F-62FA-44C6-B603-2A1B05F12895}.Ad-Hoc|x86.Deploy.0 = Release|Any CPU
		{F1460E3F-62FA-44C6-B603-2A1B05F12895}.AppStore|Any CPU.ActiveCfg = Release|Any CPU
		{F1460E3F-62FA-44C6-B603-2A1B05F12895}.AppStore|Any CPU.Build.0 = Release|Any CPU
		{F1460E3F-62FA-44C6-B603-2A1B05F12895}.AppStore|Any CPU.Deploy.0 = Release|Any CPU
		{F1460E3F-62FA-44C6-B603-2A1B05F12895}.AppStore|ARM.ActiveCfg = Release|Any CPU
		{F1460E3F-62FA-44C6-B603-2A1B05F12895}.AppStore|ARM.Build.0 = Release|Any CPU
		{F1460E3F-62FA-44C6-B603-2A1B05F12895}.AppStore|ARM.Deploy.0 = Release|Any CPU
		{F1460E3F-62FA-44C6-B603-2A1B05F12895}.AppStore|iPhone.ActiveCfg = Release|Any CPU
		{F1460E3F-62FA-44C6-B603-2A1B05F12895}.AppStore|iPhone.Build.0 = Release|Any CPU
		{F1460E3F-62FA-44C6-B603-2A1B05F12895}.AppStore|iPhone.Deploy.0 = Release|Any CPU
		{F1460E3F-62FA-44C6-B603-2A1B05F12895}.AppStore|iPhoneSimulator.ActiveCfg = Release|Any CPU
		{F1460E3F-62FA-44C6-B603-2A1B05F12895}.AppStore|iPhoneSimulator.Build.0 = Release|Any CPU
		{F1460E3F-62FA-44C6-B603-2A1B05F12895}.AppStore|iPhoneSimulator.Deploy.0 = Release|Any CPU
		{F1460E3F-62FA-44C6-B603-2A1B05F12895}.AppStore|x64.ActiveCfg = Release|Any CPU
		{F1460E3F-62FA-44C6-B603-2A1B05F12895}.AppStore|x64.Build.0 = Release|Any CPU
		{F1460E3F-62FA-44C6-B603-2A1B05F12895}.AppStore|x64.Deploy.0 = Release|Any CPU
		{F1460E3F-62FA-44C6-B603-2A1B05F12895}.AppStore|x86.ActiveCfg = Release|Any CPU
		{F1460E3F-62FA-44C6-B603-2A1B05F12895}.AppStore|x86.Build.0 = Release|Any CPU
		{F1460E3F-62FA-44C6-B603-2A1B05F12895}.AppStore|x86.Deploy.0 = Release|Any CPU
		{F1460E3F-62FA-44C6-B603-2A1B05F12895}.Debug|Any CPU.ActiveCfg = Debug|Any CPU
		{F1460E3F-62FA-44C6-B603-2A1B05F12895}.Debug|Any CPU.Build.0 = Debug|Any CPU
		{F1460E3F-62FA-44C6-B603-2A1B05F12895}.Debug|Any CPU.Deploy.0 = Debug|Any CPU
		{F1460E3F-62FA-44C6-B603-2A1B05F12895}.Debug|ARM.ActiveCfg = Debug|Any CPU
		{F1460E3F-62FA-44C6-B603-2A1B05F12895}.Debug|ARM.Build.0 = Debug|Any CPU
		{F1460E3F-62FA-44C6-B603-2A1B05F12895}.Debug|ARM.Deploy.0 = Debug|Any CPU
		{F1460E3F-62FA-44C6-B603-2A1B05F12895}.Debug|iPhone.ActiveCfg = Debug|Any CPU
		{F1460E3F-62FA-44C6-B603-2A1B05F12895}.Debug|iPhone.Build.0 = Debug|Any CPU
		{F1460E3F-62FA-44C6-B603-2A1B05F12895}.Debug|iPhone.Deploy.0 = Debug|Any CPU
		{F1460E3F-62FA-44C6-B603-2A1B05F12895}.Debug|iPhoneSimulator.ActiveCfg = Debug|Any CPU
		{F1460E3F-62FA-44C6-B603-2A1B05F12895}.Debug|iPhoneSimulator.Build.0 = Debug|Any CPU
		{F1460E3F-62FA-44C6-B603-2A1B05F12895}.Debug|iPhoneSimulator.Deploy.0 = Debug|Any CPU
		{F1460E3F-62FA-44C6-B603-2A1B05F12895}.Debug|x64.ActiveCfg = Debug|Any CPU
		{F1460E3F-62FA-44C6-B603-2A1B05F12895}.Debug|x64.Build.0 = Debug|Any CPU
		{F1460E3F-62FA-44C6-B603-2A1B05F12895}.Debug|x64.Deploy.0 = Debug|Any CPU
		{F1460E3F-62FA-44C6-B603-2A1B05F12895}.Debug|x86.ActiveCfg = Debug|Any CPU
		{F1460E3F-62FA-44C6-B603-2A1B05F12895}.Debug|x86.Build.0 = Debug|Any CPU
		{F1460E3F-62FA-44C6-B603-2A1B05F12895}.Debug|x86.Deploy.0 = Debug|Any CPU
		{F1460E3F-62FA-44C6-B603-2A1B05F12895}.Release|Any CPU.ActiveCfg = Release|Any CPU
		{F1460E3F-62FA-44C6-B603-2A1B05F12895}.Release|Any CPU.Build.0 = Release|Any CPU
		{F1460E3F-62FA-44C6-B603-2A1B05F12895}.Release|Any CPU.Deploy.0 = Release|Any CPU
		{F1460E3F-62FA-44C6-B603-2A1B05F12895}.Release|ARM.ActiveCfg = Release|Any CPU
		{F1460E3F-62FA-44C6-B603-2A1B05F12895}.Release|ARM.Build.0 = Release|Any CPU
		{F1460E3F-62FA-44C6-B603-2A1B05F12895}.Release|ARM.Deploy.0 = Release|Any CPU
		{F1460E3F-62FA-44C6-B603-2A1B05F12895}.Release|iPhone.ActiveCfg = Release|Any CPU
		{F1460E3F-62FA-44C6-B603-2A1B05F12895}.Release|iPhone.Build.0 = Release|Any CPU
		{F1460E3F-62FA-44C6-B603-2A1B05F12895}.Release|iPhone.Deploy.0 = Release|Any CPU
		{F1460E3F-62FA-44C6-B603-2A1B05F12895}.Release|iPhoneSimulator.ActiveCfg = Release|Any CPU
		{F1460E3F-62FA-44C6-B603-2A1B05F12895}.Release|iPhoneSimulator.Build.0 = Release|Any CPU
		{F1460E3F-62FA-44C6-B603-2A1B05F12895}.Release|iPhoneSimulator.Deploy.0 = Release|Any CPU
		{F1460E3F-62FA-44C6-B603-2A1B05F12895}.Release|x64.ActiveCfg = Release|Any CPU
		{F1460E3F-62FA-44C6-B603-2A1B05F12895}.Release|x64.Build.0 = Release|Any CPU
		{F1460E3F-62FA-44C6-B603-2A1B05F12895}.Release|x64.Deploy.0 = Release|Any CPU
		{F1460E3F-62FA-44C6-B603-2A1B05F12895}.Release|x86.ActiveCfg = Release|Any CPU
		{F1460E3F-62FA-44C6-B603-2A1B05F12895}.Release|x86.Build.0 = Release|Any CPU
		{F1460E3F-62FA-44C6-B603-2A1B05F12895}.Release|x86.Deploy.0 = Release|Any CPU
		{7A966477-500A-409A-9862-D735E8A5F4E7}.Ad-Hoc|Any CPU.ActiveCfg = Ad-Hoc|iPhone
		{7A966477-500A-409A-9862-D735E8A5F4E7}.Ad-Hoc|ARM.ActiveCfg = Ad-Hoc|iPhone
		{7A966477-500A-409A-9862-D735E8A5F4E7}.Ad-Hoc|iPhone.ActiveCfg = Ad-Hoc|iPhone
		{7A966477-500A-409A-9862-D735E8A5F4E7}.Ad-Hoc|iPhone.Build.0 = Ad-Hoc|iPhone
		{7A966477-500A-409A-9862-D735E8A5F4E7}.Ad-Hoc|iPhoneSimulator.ActiveCfg = Ad-Hoc|iPhoneSimulator
		{7A966477-500A-409A-9862-D735E8A5F4E7}.Ad-Hoc|iPhoneSimulator.Build.0 = Ad-Hoc|iPhoneSimulator
		{7A966477-500A-409A-9862-D735E8A5F4E7}.Ad-Hoc|x64.ActiveCfg = Ad-Hoc|iPhone
		{7A966477-500A-409A-9862-D735E8A5F4E7}.Ad-Hoc|x86.ActiveCfg = Ad-Hoc|iPhone
		{7A966477-500A-409A-9862-D735E8A5F4E7}.AppStore|Any CPU.ActiveCfg = AppStore|iPhone
		{7A966477-500A-409A-9862-D735E8A5F4E7}.AppStore|ARM.ActiveCfg = AppStore|iPhone
		{7A966477-500A-409A-9862-D735E8A5F4E7}.AppStore|iPhone.ActiveCfg = AppStore|iPhone
		{7A966477-500A-409A-9862-D735E8A5F4E7}.AppStore|iPhone.Build.0 = AppStore|iPhone
		{7A966477-500A-409A-9862-D735E8A5F4E7}.AppStore|iPhoneSimulator.ActiveCfg = AppStore|iPhoneSimulator
		{7A966477-500A-409A-9862-D735E8A5F4E7}.AppStore|iPhoneSimulator.Build.0 = AppStore|iPhoneSimulator
		{7A966477-500A-409A-9862-D735E8A5F4E7}.AppStore|x64.ActiveCfg = AppStore|iPhone
		{7A966477-500A-409A-9862-D735E8A5F4E7}.AppStore|x86.ActiveCfg = AppStore|iPhone
		{7A966477-500A-409A-9862-D735E8A5F4E7}.Debug|Any CPU.ActiveCfg = Debug|iPhone
		{7A966477-500A-409A-9862-D735E8A5F4E7}.Debug|ARM.ActiveCfg = Debug|iPhone
		{7A966477-500A-409A-9862-D735E8A5F4E7}.Debug|iPhone.ActiveCfg = Debug|iPhone
		{7A966477-500A-409A-9862-D735E8A5F4E7}.Debug|iPhone.Build.0 = Debug|iPhone
		{7A966477-500A-409A-9862-D735E8A5F4E7}.Debug|iPhoneSimulator.ActiveCfg = Debug|iPhoneSimulator
		{7A966477-500A-409A-9862-D735E8A5F4E7}.Debug|iPhoneSimulator.Build.0 = Debug|iPhoneSimulator
		{7A966477-500A-409A-9862-D735E8A5F4E7}.Debug|x64.ActiveCfg = Debug|iPhone
		{7A966477-500A-409A-9862-D735E8A5F4E7}.Debug|x86.ActiveCfg = Debug|iPhone
		{7A966477-500A-409A-9862-D735E8A5F4E7}.Release|Any CPU.ActiveCfg = Release|iPhone
		{7A966477-500A-409A-9862-D735E8A5F4E7}.Release|ARM.ActiveCfg = Release|iPhone
		{7A966477-500A-409A-9862-D735E8A5F4E7}.Release|iPhone.ActiveCfg = Release|iPhone
		{7A966477-500A-409A-9862-D735E8A5F4E7}.Release|iPhone.Build.0 = Release|iPhone
		{7A966477-500A-409A-9862-D735E8A5F4E7}.Release|iPhoneSimulator.ActiveCfg = Release|iPhoneSimulator
		{7A966477-500A-409A-9862-D735E8A5F4E7}.Release|iPhoneSimulator.Build.0 = Release|iPhoneSimulator
		{7A966477-500A-409A-9862-D735E8A5F4E7}.Release|x64.ActiveCfg = Release|iPhone
		{7A966477-500A-409A-9862-D735E8A5F4E7}.Release|x86.ActiveCfg = Release|iPhone
		{CA2B47EE-50A3-4BFC-806E-EF483486FF32}.Ad-Hoc|Any CPU.ActiveCfg = Release|x86
		{CA2B47EE-50A3-4BFC-806E-EF483486FF32}.Ad-Hoc|Any CPU.Build.0 = Release|x86
		{CA2B47EE-50A3-4BFC-806E-EF483486FF32}.Ad-Hoc|Any CPU.Deploy.0 = Release|x86
		{CA2B47EE-50A3-4BFC-806E-EF483486FF32}.Ad-Hoc|ARM.ActiveCfg = Release|ARM
		{CA2B47EE-50A3-4BFC-806E-EF483486FF32}.Ad-Hoc|ARM.Build.0 = Release|ARM
		{CA2B47EE-50A3-4BFC-806E-EF483486FF32}.Ad-Hoc|ARM.Deploy.0 = Release|ARM
		{CA2B47EE-50A3-4BFC-806E-EF483486FF32}.Ad-Hoc|iPhone.ActiveCfg = Release|x86
		{CA2B47EE-50A3-4BFC-806E-EF483486FF32}.Ad-Hoc|iPhone.Build.0 = Release|x86
		{CA2B47EE-50A3-4BFC-806E-EF483486FF32}.Ad-Hoc|iPhone.Deploy.0 = Release|x86
		{CA2B47EE-50A3-4BFC-806E-EF483486FF32}.Ad-Hoc|iPhoneSimulator.ActiveCfg = Release|x86
		{CA2B47EE-50A3-4BFC-806E-EF483486FF32}.Ad-Hoc|iPhoneSimulator.Build.0 = Release|x86
		{CA2B47EE-50A3-4BFC-806E-EF483486FF32}.Ad-Hoc|iPhoneSimulator.Deploy.0 = Release|x86
		{CA2B47EE-50A3-4BFC-806E-EF483486FF32}.Ad-Hoc|x64.ActiveCfg = Release|x64
		{CA2B47EE-50A3-4BFC-806E-EF483486FF32}.Ad-Hoc|x64.Build.0 = Release|x64
		{CA2B47EE-50A3-4BFC-806E-EF483486FF32}.Ad-Hoc|x64.Deploy.0 = Release|x64
		{CA2B47EE-50A3-4BFC-806E-EF483486FF32}.Ad-Hoc|x86.ActiveCfg = Release|x86
		{CA2B47EE-50A3-4BFC-806E-EF483486FF32}.Ad-Hoc|x86.Build.0 = Release|x86
		{CA2B47EE-50A3-4BFC-806E-EF483486FF32}.Ad-Hoc|x86.Deploy.0 = Release|x86
		{CA2B47EE-50A3-4BFC-806E-EF483486FF32}.AppStore|Any CPU.ActiveCfg = Release|x86
		{CA2B47EE-50A3-4BFC-806E-EF483486FF32}.AppStore|Any CPU.Build.0 = Release|x86
		{CA2B47EE-50A3-4BFC-806E-EF483486FF32}.AppStore|Any CPU.Deploy.0 = Release|x86
		{CA2B47EE-50A3-4BFC-806E-EF483486FF32}.AppStore|ARM.ActiveCfg = Release|ARM
		{CA2B47EE-50A3-4BFC-806E-EF483486FF32}.AppStore|ARM.Build.0 = Release|ARM
		{CA2B47EE-50A3-4BFC-806E-EF483486FF32}.AppStore|ARM.Deploy.0 = Release|ARM
		{CA2B47EE-50A3-4BFC-806E-EF483486FF32}.AppStore|iPhone.ActiveCfg = Release|x86
		{CA2B47EE-50A3-4BFC-806E-EF483486FF32}.AppStore|iPhone.Build.0 = Release|x86
		{CA2B47EE-50A3-4BFC-806E-EF483486FF32}.AppStore|iPhone.Deploy.0 = Release|x86
		{CA2B47EE-50A3-4BFC-806E-EF483486FF32}.AppStore|iPhoneSimulator.ActiveCfg = Release|x86
		{CA2B47EE-50A3-4BFC-806E-EF483486FF32}.AppStore|iPhoneSimulator.Build.0 = Release|x86
		{CA2B47EE-50A3-4BFC-806E-EF483486FF32}.AppStore|iPhoneSimulator.Deploy.0 = Release|x86
		{CA2B47EE-50A3-4BFC-806E-EF483486FF32}.AppStore|x64.ActiveCfg = Release|x64
		{CA2B47EE-50A3-4BFC-806E-EF483486FF32}.AppStore|x64.Build.0 = Release|x64
		{CA2B47EE-50A3-4BFC-806E-EF483486FF32}.AppStore|x64.Deploy.0 = Release|x64
		{CA2B47EE-50A3-4BFC-806E-EF483486FF32}.AppStore|x86.ActiveCfg = Release|x86
		{CA2B47EE-50A3-4BFC-806E-EF483486FF32}.AppStore|x86.Build.0 = Release|x86
		{CA2B47EE-50A3-4BFC-806E-EF483486FF32}.AppStore|x86.Deploy.0 = Release|x86
		{CA2B47EE-50A3-4BFC-806E-EF483486FF32}.Debug|Any CPU.ActiveCfg = Debug|ARM
		{CA2B47EE-50A3-4BFC-806E-EF483486FF32}.Debug|Any CPU.Build.0 = Debug|ARM
		{CA2B47EE-50A3-4BFC-806E-EF483486FF32}.Debug|Any CPU.Deploy.0 = Debug|ARM
		{CA2B47EE-50A3-4BFC-806E-EF483486FF32}.Debug|ARM.ActiveCfg = Debug|ARM
		{CA2B47EE-50A3-4BFC-806E-EF483486FF32}.Debug|ARM.Build.0 = Debug|ARM
		{CA2B47EE-50A3-4BFC-806E-EF483486FF32}.Debug|ARM.Deploy.0 = Debug|ARM
		{CA2B47EE-50A3-4BFC-806E-EF483486FF32}.Debug|iPhone.ActiveCfg = Debug|x86
		{CA2B47EE-50A3-4BFC-806E-EF483486FF32}.Debug|iPhoneSimulator.ActiveCfg = Debug|x86
		{CA2B47EE-50A3-4BFC-806E-EF483486FF32}.Debug|x64.ActiveCfg = Debug|x64
		{CA2B47EE-50A3-4BFC-806E-EF483486FF32}.Debug|x64.Build.0 = Debug|x64
		{CA2B47EE-50A3-4BFC-806E-EF483486FF32}.Debug|x64.Deploy.0 = Debug|x64
		{CA2B47EE-50A3-4BFC-806E-EF483486FF32}.Debug|x86.ActiveCfg = Debug|x86
		{CA2B47EE-50A3-4BFC-806E-EF483486FF32}.Debug|x86.Build.0 = Debug|x86
		{CA2B47EE-50A3-4BFC-806E-EF483486FF32}.Debug|x86.Deploy.0 = Debug|x86
		{CA2B47EE-50A3-4BFC-806E-EF483486FF32}.Release|Any CPU.ActiveCfg = Release|x86
		{CA2B47EE-50A3-4BFC-806E-EF483486FF32}.Release|Any CPU.Build.0 = Release|x86
		{CA2B47EE-50A3-4BFC-806E-EF483486FF32}.Release|Any CPU.Deploy.0 = Release|x86
		{CA2B47EE-50A3-4BFC-806E-EF483486FF32}.Release|ARM.ActiveCfg = Release|ARM
		{CA2B47EE-50A3-4BFC-806E-EF483486FF32}.Release|ARM.Build.0 = Release|ARM
		{CA2B47EE-50A3-4BFC-806E-EF483486FF32}.Release|ARM.Deploy.0 = Release|ARM
		{CA2B47EE-50A3-4BFC-806E-EF483486FF32}.Release|iPhone.ActiveCfg = Release|x86
		{CA2B47EE-50A3-4BFC-806E-EF483486FF32}.Release|iPhoneSimulator.ActiveCfg = Release|x86
		{CA2B47EE-50A3-4BFC-806E-EF483486FF32}.Release|x64.ActiveCfg = Release|x64
		{CA2B47EE-50A3-4BFC-806E-EF483486FF32}.Release|x64.Build.0 = Release|x64
		{CA2B47EE-50A3-4BFC-806E-EF483486FF32}.Release|x64.Deploy.0 = Release|x64
		{CA2B47EE-50A3-4BFC-806E-EF483486FF32}.Release|x86.ActiveCfg = Release|x86
		{CA2B47EE-50A3-4BFC-806E-EF483486FF32}.Release|x86.Build.0 = Release|x86
		{CA2B47EE-50A3-4BFC-806E-EF483486FF32}.Release|x86.Deploy.0 = Release|x86
	EndGlobalSection
	GlobalSection(SolutionProperties) = preSolution
		HideSolutionNode = FALSE
	EndGlobalSection
	GlobalSection(NestedProjects) = preSolution
		{A6C80F08-3707-451A-B726-B624599E62DC} = {8ABD9D27-B7E9-4ADA-99F4-18CCA053463F}
		{B4AE1BAC-B991-45FB-9A54-B94142D50396} = {8ABD9D27-B7E9-4ADA-99F4-18CCA053463F}
		{02234765-8E4C-4A73-8769-DCC83561EAEF} = {8ABD9D27-B7E9-4ADA-99F4-18CCA053463F}
		{7B9577CC-5ED7-48DC-9A15-0C81E697D6ED} = {8ABD9D27-B7E9-4ADA-99F4-18CCA053463F}
		{E9D0DF7E-61AF-4E80-B018-49ACE70F90E2} = {316E0A11-7227-4E3B-9132-11156D23EE96}
		{F1460E3F-62FA-44C6-B603-2A1B05F12895} = {316E0A11-7227-4E3B-9132-11156D23EE96}
		{7A966477-500A-409A-9862-D735E8A5F4E7} = {316E0A11-7227-4E3B-9132-11156D23EE96}
		{CA2B47EE-50A3-4BFC-806E-EF483486FF32} = {316E0A11-7227-4E3B-9132-11156D23EE96}
	EndGlobalSection
EndGlobal
